
Microsoft Visual Studio Solution File, Format Version 12.00
# Visual Studio Version 17
VisualStudioVersion = 17.14.36915.13 d17.14
MinimumVisualStudioVersion = 10.0.40219.1
Project("{FAE04EC0-301F-11D3-BF4B-00C04F79EFBC}") = "CyberSecurityBot", "CyberSecurityBot.csproj", "{F2F0EA94-A668-4852-8B0F-CD74A222D56D}"
EndProject
Global
	GlobalSection(SolutionConfigurationPlatforms) = preSolution
		Debug|Any CPU = Debug|Any CPU
		Release|Any CPU = Release|Any CPU
	EndGlobalSection
	GlobalSection(ProjectConfigurationPlatforms) = postSolution
		{F2F0EA94-A668-4852-8B0F-CD74A222D56D}.Debug|Any CPU.ActiveCfg = Debug|Any CPU
		{F2F0EA94-A668-4852-8B0F-CD74A222D56D}.Debug|Any CPU.Build.0 = Debug|Any CPU
		{F2F0EA94-A668-4852-8B0F-CD74A222D56D}.Release|Any CPU.ActiveCfg = Release|Any CPU
		{F2F0EA94-A668-4852-8B0F-CD74A222D56D}.Release|Any CPU.Build.0 = Release|Any CPU
	EndGlobalSection
	GlobalSection(SolutionProperties) = preSolution
		HideSolutionNode = FALSE
	EndGlobalSection
	GlobalSection(ExtensibilityGlobals) = postSolution
		SolutionGuid = {D2D698F7-130D-4A53-957D-5770749CD581}
	EndGlobalSection
EndGlobal
